
Microsoft Visual Studio Solution File, Format Version 12.00
# Visual Studio Version 16
VisualStudioVersion = 16.0.29728.190
MinimumVisualStudioVersion = 10.0.40219.1
Project("{8BC9CEB8-8B4A-11D0-8D11-00A0C91BC942}") = "Array", "Array.vcxproj", "{485574D3-F39C-4694-9E6E-278F30B28DDB}"
EndProject
Global
	GlobalSection(SolutionConfigurationPlatforms) = preSolution
		Debug|x64 = Debug|x64
		Debug|x86 = Debug|x86
		Release|x64 = Release|x64
		Release|x86 = Release|x86
	EndGlobalSection
	GlobalSection(ProjectConfigurationPlatforms) = postSolution
		{485574D3-F39C-4694-9E6E-278F30B28DDB}.Debug|x64.ActiveCfg = Debug|x64
		{485574D3-F39C-4694-9E6E-278F30B28DDB}.Debug|x64.Build.0 = Debug|x64
		{485574D3-F39C-4694-9E6E-278F30B28DDB}.Debug|x86.ActiveCfg = Debug|Win32
		{485574D3-F39C-4694-9E6E-278F30B28DDB}.Debug|x86.Build.0 = Debug|Win32
		{485574D3-F39C-4694-9E6E-278F30B28DDB}.Release|x64.ActiveCfg = Release|x64
		{485574D3-F39C-4694-9E6E-278F30B28DDB}.Release|x64.Build.0 = Release|x64
		{485574D3-F39C-4694-9E6E-278F30B28DDB}.Release|x86.ActiveCfg = Release|Win32
		{485574D3-F39C-4694-9E6E-278F30B28DDB}.Release|x86.Build.0 = Release|Win32
	EndGlobalSection
	GlobalSection(SolutionProperties) = preSolution
		HideSolutionNode = FALSE
	EndGlobalSection
	GlobalSection(ExtensibilityGlobals) = postSolution
		SolutionGuid = {F01C9B6F-EF84-4BD1-9261-748E0D63FA4E}
	EndGlobalSection
EndGlobal
