
Microsoft Visual Studio Solution File, Format Version 12.00
# Visual Studio Version 16
VisualStudioVersion = 16.0.28803.202
MinimumVisualStudioVersion = 10.0.40219.1
Project("{8BC9CEB8-8B4A-11D0-8D11-00A0C91BC942}") = "WindowsProject1Test", "WindowsProject1Test.vcxproj", "{393FE1CB-4B88-4218-9ABF-9C7FC4ED461F}"
EndProject
Global
	GlobalSection(SolutionConfigurationPlatforms) = preSolution
		Debug|x64 = Debug|x64
		Debug|x86 = Debug|x86
		Release|x64 = Release|x64
		Release|x86 = Release|x86
	EndGlobalSection
	GlobalSection(ProjectConfigurationPlatforms) = postSolution
		{393FE1CB-4B88-4218-9ABF-9C7FC4ED461F}.Debug|x64.ActiveCfg = Debug|x64
		{393FE1CB-4B88-4218-9ABF-9C7FC4ED461F}.Debug|x64.Build.0 = Debug|x64
		{393FE1CB-4B88-4218-9ABF-9C7FC4ED461F}.Debug|x86.ActiveCfg = Debug|Win32
		{393FE1CB-4B88-4218-9ABF-9C7FC4ED461F}.Debug|x86.Build.0 = Debug|Win32
		{393FE1CB-4B88-4218-9ABF-9C7FC4ED461F}.Release|x64.ActiveCfg = Release|x64
		{393FE1CB-4B88-4218-9ABF-9C7FC4ED461F}.Release|x64.Build.0 = Release|x64
		{393FE1CB-4B88-4218-9ABF-9C7FC4ED461F}.Release|x86.ActiveCfg = Release|Win32
		{393FE1CB-4B88-4218-9ABF-9C7FC4ED461F}.Release|x86.Build.0 = Release|Win32
	EndGlobalSection
	GlobalSection(SolutionProperties) = preSolution
		HideSolutionNode = FALSE
	EndGlobalSection
	GlobalSection(ExtensibilityGlobals) = postSolution
		SolutionGuid = {E7F5403B-28D5-490C-A98C-D93ADCAEBAD4}
	EndGlobalSection
EndGlobal
